// !$*UTF8*$!
{
	archiveVersion = 1;
	classes = {
	};
	objectVersion = 48;
	objects = {

/* Begin PBXBuildFile section */
		27185D92203734A000E0935C /* AppDelegate.m in Sources */ = {isa = PBXBuildFile; fileRef = 27185D91203734A000E0935C /* AppDelegate.m */; };
		27185D95203734A000E0935C /* ViewController.m in Sources */ = {isa = PBXBuildFile; fileRef = 27185D94203734A000E0935C /* ViewController.m */; };
		27185D98203734A000E0935C /* Main.storyboard in Resources */ = {isa = PBXBuildFile; fileRef = 27185D96203734A000E0935C /* Main.storyboard */; };
		27185D9A203734A000E0935C /* Assets.xcassets in Resources */ = {isa = PBXBuildFile; fileRef = 27185D99203734A000E0935C /* Assets.xcassets */; };
		27185D9D203734A000E0935C /* LaunchScreen.storyboard in Resources */ = {isa = PBXBuildFile; fileRef = 27185D9B203734A000E0935C /* LaunchScreen.storyboard */; };
		27185DA0203734A000E0935C /* main.m in Sources */ = {isa = PBXBuildFile; fileRef = 27185D9F203734A000E0935C /* main.m */; };
		27185DAA203734A000E0935C /* videopickerdemoTests.m in Sources */ = {isa = PBXBuildFile; fileRef = 27185DA9203734A000E0935C /* videopickerdemoTests.m */; };
		27185DB5203734A000E0935C /* videopickerdemoUITests.m in Sources */ = {isa = PBXBuildFile; fileRef = 27185DB4203734A000E0935C /* videopickerdemoUITests.m */; };
/* End PBXBuildFile section */

/* Begin PBXContainerItemProxy section */
		27185DA6203734A000E0935C /* PBXContainerItemProxy */ = {
			isa = PBXContainerItemProxy;
			containerPortal = 27185D852037349F00E0935C /* Project object */;
			proxyType = 1;
			remoteGlobalIDString = 27185D8C203734A000E0935C;
			remoteInfo = videopickerdemo;
		};
		27185DB1203734A000E0935C /* PBXContainerItemProxy */ = {
			isa = PBXContainerItemProxy;
			containerPortal = 27185D852037349F00E0935C /* Project object */;
			proxyType = 1;
			remoteGlobalIDString = 27185D8C203734A000E0935C;
			remoteInfo = videopickerdemo;
		};
/* End PBXContainerItemProxy section */

/* Begin PBXFileReference section */
		27185D8D203734A000E0935C /* videopickerdemo.app */ = {isa = PBXFileReference; explicitFileType = wrapper.application; includeInIndex = 0; path = videopickerdemo.app; sourceTree = BUILT_PRODUCTS_DIR; };
		27185D90203734A000E0935C /* AppDelegate.h */ = {isa = PBXFileReference; lastKnownFileType = sourcecode.c.h; path = AppDelegate.h; sourceTree = "<group>"; };
		27185D91203734A000E0935C /* AppDelegate.m */ = {isa = PBXFileReference; lastKnownFileType = sourcecode.c.objc; path = AppDelegate.m; sourceTree = "<group>"; };
		27185D93203734A000E0935C /* ViewController.h */ = {isa = PBXFileReference; lastKnownFileType = sourcecode.c.h; path = ViewController.h; sourceTree = "<group>"; };
		27185D94203734A000E0935C /* ViewController.m */ = {isa = PBXFileReference; lastKnownFileType = sourcecode.c.objc; path = ViewController.m; sourceTree = "<group>"; };
		27185D97203734A000E0935C /* Base */ = {isa = PBXFileReference; lastKnownFileType = file.storyboard; name = Base; path = Base.lproj/Main.storyboard; sourceTree = "<group>"; };
		27185D99203734A000E0935C /* Assets.xcassets */ = {isa = PBXFileReference; lastKnownFileType = folder.assetcatalog; path = Assets.xcassets; sourceTree = "<group>"; };
		27185D9C203734A000E0935C /* Base */ = {isa = PBXFileReference; lastKnownFileType = file.storyboard; name = Base; path = Base.lproj/LaunchScreen.storyboard; sourceTree = "<group>"; };
		27185D9E203734A000E0935C /* Info.plist */ = {isa = PBXFileReference; lastKnownFileType = text.plist.xml; path = Info.plist; sourceTree = "<group>"; };
		27185D9F203734A000E0935C /* main.m */ = {isa = PBXFileReference; lastKnownFileType = sourcecode.c.objc; path = main.m; sourceTree = "<group>"; };
		27185DA5203734A000E0935C /* videopickerdemoTests.xctest */ = {isa = PBXFileReference; explicitFileType = wrapper.cfbundle; includeInIndex = 0; path = videopickerdemoTests.xctest; sourceTree = BUILT_PRODUCTS_DIR; };
		27185DA9203734A000E0935C /* videopickerdemoTests.m */ = {isa = PBXFileReference; lastKnownFileType = sourcecode.c.objc; path = videopickerdemoTests.m; sourceTree = "<group>"; };
		27185DAB203734A000E0935C /* Info.plist */ = {isa = PBXFileReference; lastKnownFileType = text.plist.xml; path = Info.plist; sourceTree = "<group>"; };
		27185DB0203734A000E0935C /* videopickerdemoUITests.xctest */ = {isa = PBXFileReference; explicitFileType = wrapper.cfbundle; includeInIndex = 0; path = videopickerdemoUITests.xctest; sourceTree = BUILT_PRODUCTS_DIR; };
		27185DB4203734A000E0935C /* videopickerdemoUITests.m */ = {isa = PBXFileReference; lastKnownFileType = sourcecode.c.objc; path = videopickerdemoUITests.m; sourceTree = "<group>"; };
		27185DB6203734A000E0935C /* Info.plist */ = {isa = PBXFileReference; lastKnownFileType = text.plist.xml; path = Info.plist; sourceTree = "<group>"; };
/* End PBXFileReference section */

/* Begin PBXFrameworksBuildPhase section */
		27185D8A203734A000E0935C /* Frameworks */ = {
			isa = PBXFrameworksBuildPhase;
			buildActionMask = 2147483647;
			files = (
			);
			runOnlyForDeploymentPostprocessing = 0;
		};
		27185DA2203734A000E0935C /* Frameworks */ = {
			isa = PBXFrameworksBuildPhase;
			buildActionMask = 2147483647;
			files = (
			);
			runOnlyForDeploymentPostprocessing = 0;
		};
		27185DAD203734A000E0935C /* Frameworks */ = {
			isa = PBXFrameworksBuildPhase;
			buildActionMask = 2147483647;
			files = (
			);
			runOnlyForDeploymentPostprocessing = 0;
		};
/* End PBXFrameworksBuildPhase section */

/* Begin PBXGroup section */
		27185D842037349F00E0935C = {
			isa = PBXGroup;
			children = (
				27185D8F203734A000E0935C /* videopickerdemo */,
				27185DA8203734A000E0935C /* videopickerdemoTests */,
				27185DB3203734A000E0935C /* videopickerdemoUITests */,
				27185D8E203734A000E0935C /* Products */,
			);
			sourceTree = "<group>";
		};
		27185D8E203734A000E0935C /* Products */ = {
			isa = PBXGroup;
			children = (
				27185D8D203734A000E0935C /* videopickerdemo.app */,
				27185DA5203734A000E0935C /* videopickerdemoTests.xctest */,
				27185DB0203734A000E0935C /* videopickerdemoUITests.xctest */,
			);
			name = Products;
			sourceTree = "<group>";
		};
		27185D8F203734A000E0935C /* videopickerdemo */ = {
			isa = PBXGroup;
			children = (
				27185D90203734A000E0935C /* AppDelegate.h */,
				27185D91203734A000E0935C /* AppDelegate.m */,
				27185D93203734A000E0935C /* ViewController.h */,
				27185D94203734A000E0935C /* ViewController.m */,
				27185D96203734A000E0935C /* Main.storyboard */,
				27185D99203734A000E0935C /* Assets.xcassets */,
				27185D9B203734A000E0935C /* LaunchScreen.storyboard */,
				27185D9E203734A000E0935C /* Info.plist */,
				27185D9F203734A000E0935C /* main.m */,
			);
			path = videopickerdemo;
			sourceTree = "<group>";
		};
		27185DA8203734A000E0935C /* videopickerdemoTests */ = {
			isa = PBXGroup;
			children = (
				27185DA9203734A000E0935C /* videopickerdemoTests.m */,
				27185DAB203734A000E0935C /* Info.plist */,
			);
			path = videopickerdemoTests;
			sourceTree = "<group>";
		};
		27185DB3203734A000E0935C /* videopickerdemoUITests */ = {
			isa = PBXGroup;
			children = (
				27185DB4203734A000E0935C /* videopickerdemoUITests.m */,
				27185DB6203734A000E0935C /* Info.plist */,
			);
			path = videopickerdemoUITests;
			sourceTree = "<group>";
		};
/* End PBXGroup section */

/* Begin PBXNativeTarget section */
		27185D8C203734A000E0935C /* videopickerdemo */ = {
			isa = PBXNativeTarget;
			buildConfigurationList = 27185DB9203734A000E0935C /* Build configuration list for PBXNativeTarget "videopickerdemo" */;
			buildPhases = (
				27185D89203734A000E0935C /* Sources */,
				27185D8A203734A000E0935C /* Frameworks */,
				27185D8B203734A000E0935C /* Resources */,
			);
			buildRules = (
			);
			dependencies = (
			);
			name = videopickerdemo;
			productName = videopickerdemo;
			productReference = 27185D8D203734A000E0935C /* videopickerdemo.app */;
			productType = "com.apple.product-type.application";
		};
		27185DA4203734A000E0935C /* videopickerdemoTests */ = {
			isa = PBXNativeTarget;
			buildConfigurationList = 27185DBC203734A000E0935C /* Build configuration list for PBXNativeTarget "videopickerdemoTests" */;
			buildPhases = (
				27185DA1203734A000E0935C /* Sources */,
				27185DA2203734A000E0935C /* Frameworks */,
				27185DA3203734A000E0935C /* Resources */,
			);
			buildRules = (
			);
			dependencies = (
				27185DA7203734A000E0935C /* PBXTargetDependency */,
			);
			name = videopickerdemoTests;
			productName = videopickerdemoTests;
			productReference = 27185DA5203734A000E0935C /* videopickerdemoTests.xctest */;
			productType = "com.apple.product-type.bundle.unit-test";
		};
		27185DAF203734A000E0935C /* videopickerdemoUITests */ = {
			isa = PBXNativeTarget;
			buildConfigurationList = 27185DBF203734A000E0935C /* Build configuration list for PBXNativeTarget "videopickerdemoUITests" */;
			buildPhases = (
				27185DAC203734A000E0935C /* Sources */,
				27185DAD203734A000E0935C /* Frameworks */,
				27185DAE203734A000E0935C /* Resources */,
			);
			buildRules = (
			);
			dependencies = (
				27185DB2203734A000E0935C /* PBXTargetDependency */,
			);
			name = videopickerdemoUITests;
			productName = videopickerdemoUITests;
			productReference = 27185DB0203734A000E0935C /* videopickerdemoUITests.xctest */;
			productType = "com.apple.product-type.bundle.ui-testing";
		};
/* End PBXNativeTarget section */

/* Begin PBXProject section */
		27185D852037349F00E0935C /* Project object */ = {
			isa = PBXProject;
			attributes = {
				LastUpgradeCheck = 0920;
				ORGANIZATIONNAME = YZH;
				TargetAttributes = {
					27185D8C203734A000E0935C = {
						CreatedOnToolsVersion = 9.2;
						ProvisioningStyle = Automatic;
					};
					27185DA4203734A000E0935C = {
						CreatedOnToolsVersion = 9.2;
						ProvisioningStyle = Automatic;
						TestTargetID = 27185D8C203734A000E0935C;
					};
					27185DAF203734A000E0935C = {
						CreatedOnToolsVersion = 9.2;
						ProvisioningStyle = Automatic;
						TestTargetID = 27185D8C203734A000E0935C;
					};
				};
			};
			buildConfigurationList = 27185D882037349F00E0935C /* Build configuration list for PBXProject "videopickerdemo" */;
			compatibilityVersion = "Xcode 8.0";
			developmentRegion = en;
			hasScannedForEncodings = 0;
			knownRegions = (
				en,
				Base,
			);
			mainGroup = 27185D842037349F00E0935C;
			productRefGroup = 27185D8E203734A000E0935C /* Products */;
			projectDirPath = "";
			projectRoot = "";
			targets = (
				27185D8C203734A000E0935C /* videopickerdemo */,
				27185DA4203734A000E0935C /* videopickerdemoTests */,
				27185DAF203734A000E0935C /* videopickerdemoUITests */,
			);
		};
/* End PBXProject section */

/* Begin PBXResourcesBuildPhase section */
		27185D8B203734A000E0935C /* Resources */ = {
			isa = PBXResourcesBuildPhase;
			buildActionMask = 2147483647;
			files = (
				27185D9D203734A000E0935C /* LaunchScreen.storyboard in Resources */,
				27185D9A203734A000E0935C /* Assets.xcassets in Resources */,
				27185D98203734A000E0935C /* Main.storyboard in Resources */,
			);
			runOnlyForDeploymentPostprocessing = 0;
		};
		27185DA3203734A000E0935C /* Resources */ = {
			isa = PBXResourcesBuildPhase;
			buildActionMask = 2147483647;
			files = (
			);
			runOnlyForDeploymentPostprocessing = 0;
		};
		27185DAE203734A000E0935C /* Resources */ = {
			isa = PBXResourcesBuildPhase;
			buildActionMask = 2147483647;
			files = (
			);
			runOnlyForDeploymentPostprocessing = 0;
		};
/* End PBXResourcesBuildPhase section */

/* Begin PBXSourcesBuildPhase section */
		27185D89203734A000E0935C /* Sources */ = {
			isa = PBXSourcesBuildPhase;
			buildActionMask = 2147483647;
			files = (
				27185D95203734A000E0935C /* ViewController.m in Sources */,
				27185DA0203734A000E0935C /* main.m in Sources */,
				27185D92203734A000E0935C /* AppDelegate.m in Sources */,
			);
			runOnlyForDeploymentPostprocessing = 0;
		};
		27185DA1203734A000E0935C /* Sources */ = {
			isa = PBXSourcesBuildPhase;
			buildActionMask = 2147483647;
			files = (
				27185DAA203734A000E0935C /* videopickerdemoTests.m in Sources */,
			);
			runOnlyForDeploymentPostprocessing = 0;
		};
		27185DAC203734A000E0935C /* Sources */ = {
			isa = PBXSourcesBuildPhase;
			buildActionMask = 2147483647;
			files = (
				27185DB5203734A000E0935C /* videopickerdemoUITests.m in Sources */,
			);
			runOnlyForDeploymentPostprocessing = 0;
		};
/* End PBXSourcesBuildPhase section */

/* Begin PBXTargetDependency section */
		27185DA7203734A000E0935C /* PBXTargetDependency */ = {
			isa = PBXTargetDependency;
			target = 27185D8C203734A000E0935C /* videopickerdemo */;
			targetProxy = 27185DA6203734A000E0935C /* PBXContainerItemProxy */;
		};
		27185DB2203734A000E0935C /* PBXTargetDependency */ = {
			isa = PBXTargetDependency;
			target = 27185D8C203734A000E0935C /* videopickerdemo */;
			targetProxy = 27185DB1203734A000E0935C /* PBXContainerItemProxy */;
		};
/* End PBXTargetDependency section */

/* Begin PBXVariantGroup section */
		27185D96203734A000E0935C /* Main.storyboard */ = {
			isa = PBXVariantGroup;
			children = (
				27185D97203734A000E0935C /* Base */,
			);
			name = Main.storyboard;
			sourceTree = "<group>";
		};
		27185D9B203734A000E0935C /* LaunchScreen.storyboard */ = {
			isa = PBXVariantGroup;
			children = (
				27185D9C203734A000E0935C /* Base */,
			);
			name = LaunchScreen.storyboard;
			sourceTree = "<group>";
		};
/* End PBXVariantGroup section */

/* Begin XCBuildConfiguration section */
		27185DB7203734A000E0935C /* Debug */ = {
			isa = XCBuildConfiguration;
			buildSettings = {
				ALWAYS_SEARCH_USER_PATHS = NO;
				CLANG_ANALYZER_NONNULL = YES;
				CLANG_ANALYZER_NUMBER_OBJECT_CONVERSION = YES_AGGRESSIVE;
				CLANG_CXX_LANGUAGE_STANDARD = "gnu++14";
				CLANG_CXX_LIBRARY = "libc++";
				CLANG_ENABLE_MODULES = YES;
				CLANG_ENABLE_OBJC_ARC = YES;
				CLANG_WARN_BLOCK_CAPTURE_AUTORELEASING = YES;
				CLANG_WARN_BOOL_CONVERSION = YES;
				CLANG_WARN_COMMA = YES;
				CLANG_WARN_CONSTANT_CONVERSION = YES;
				CLANG_WARN_DIRECT_OBJC_ISA_USAGE = YES_ERROR;
				CLANG_WARN_DOCUMENTATION_COMMENTS = YES;
				CLANG_WARN_EMPTY_BODY = YES;
				CLANG_WARN_ENUM_CONVERSION = YES;
				CLANG_WARN_INFINITE_RECURSION = YES;
				CLANG_WARN_INT_CONVERSION = YES;
				CLANG_WARN_NON_LITERAL_NULL_CONVERSION = YES;
				CLANG_WARN_OBJC_LITERAL_CONVERSION = YES;
				CLANG_WARN_OBJC_ROOT_CLASS = YES_ERROR;
				CLANG_WARN_RANGE_LOOP_ANALYSIS = YES;
				CLANG_WARN_STRICT_PROTOTYPES = YES;
				CLANG_WARN_SUSPICIOUS_MOVE = YES;
				CLANG_WARN_UNGUARDED_AVAILABILITY = YES_AGGRESSIVE;
				CLANG_WARN_UNREACHABLE_CODE = YES;
				CLANG_WARN__DUPLICATE_METHOD_MATCH = YES;
				CODE_SIGN_IDENTITY = "iPhone Developer";
				COPY_PHASE_STRIP = NO;
				DEBUG_INFORMATION_FORMAT = dwarf;
				ENABLE_STRICT_OBJC_MSGSEND = YES;
				ENABLE_TESTABILITY = YES;
				GCC_C_LANGUAGE_STANDARD = gnu11;
				GCC_DYNAMIC_NO_PIC = NO;
				GCC_NO_COMMON_BLOCKS = YES;
				GCC_OPTIMIZATION_LEVEL = 0;
				GCC_PREPROCESSOR_DEFINITIONS = (
					"DEBUG=1",
					"$(inherited)",
				);
				GCC_WARN_64_TO_32_BIT_CONVERSION = YES;
				GCC_WARN_ABOUT_RETURN_TYPE = YES_ERROR;
				GCC_WARN_UNDECLARED_SELECTOR = YES;
				GCC_WARN_UNINITIALIZED_AUTOS = YES_AGGRESSIVE;
				GCC_WARN_UNUSED_FUNCTION = YES;
				GCC_WARN_UNUSED_VARIABLE = YES;
				IPHONEOS_DEPLOYMENT_TARGET = 11.2;
				MTL_ENABLE_DEBUG_INFO = YES;
				ONLY_ACTIVE_ARCH = YES;
				SDKROOT = iphoneos;
			};
			name = Debug;
		};
		27185DB8203734A000E0935C /* Release */ = {
			isa = XCBuildConfiguration;
			buildSettings = {
				ALWAYS_SEARCH_USER_PATHS = NO;
				CLANG_ANALYZER_NONNULL = YES;
				CLANG_ANALYZER_NUMBER_OBJECT_CONVERSION = YES_AGGRESSIVE;
				CLANG_CXX_LANGUAGE_STANDARD = "gnu++14";
				CLANG_CXX_LIBRARY = "libc++";
				CLANG_ENABLE_MODULES = YES;
				CLANG_ENABLE_OBJC_ARC = YES;
				CLANG_WARN_BLOCK_CAPTURE_AUTORELEASING = YES;
				CLANG_WARN_BOOL_CONVERSION = YES;
				CLANG_WARN_COMMA = YES;
				CLANG_WARN_CONSTANT_CONVERSION = YES;
				CLANG_WARN_DIRECT_OBJC_ISA_USAGE = YES_ERROR;
				CLANG_WARN_DOCUMENTATION_COMMENTS = YES;
				CLANG_WARN_EMPTY_BODY = YES;
				CLANG_WARN_ENUM_CONVERSION = YES;
				CLANG_WARN_INFINITE_RECURSION = YES;
				CLANG_WARN_INT_CONVERSION = YES;
				CLANG_WARN_NON_LITERAL_NULL_CONVERSION = YES;
				CLANG_WARN_OBJC_LITERAL_CONVERSION = YES;
				CLANG_WARN_OBJC_ROOT_CLASS = YES_ERROR;
				CLANG_WARN_RANGE_LOOP_ANALYSIS = YES;
				CLANG_WARN_STRICT_PROTOTYPES = YES;
				CLANG_WARN_SUSPICIOUS_MOVE = YES;
				CLANG_WARN_UNGUARDED_AVAILABILITY = YES_AGGRESSIVE;
				CLANG_WARN_UNREACHABLE_CODE = YES;
				CLANG_WARN__DUPLICATE_METHOD_MATCH = YES;
				CODE_SIGN_IDENTITY = "iPhone Developer";
				COPY_PHASE_STRIP = NO;
				DEBUG_INFORMATION_FORMAT = "dwarf-with-dsym";
				ENABLE_NS_ASSERTIONS = NO;
				ENABLE_STRICT_OBJC_MSGSEND = YES;
				GCC_C_LANGUAGE_STANDARD = gnu11;
				GCC_NO_COMMON_BLOCKS = YES;
				GCC_WARN_64_TO_32_BIT_CONVERSION = YES;
				GCC_WARN_ABOUT_RETURN_TYPE = YES_ERROR;
				GCC_WARN_UNDECLARED_SELECTOR = YES;
				GCC_WARN_UNINITIALIZED_AUTOS = YES_AGGRESSIVE;
				GCC_WARN_UNUSED_FUNCTION = YES;
				GCC_WARN_UNUSED_VARIABLE = YES;
				IPHONEOS_DEPLOYMENT_TARGET = 11.2;
				MTL_ENABLE_DEBUG_INFO = NO;
				SDKROOT = iphoneos;
				VALIDATE_PRODUCT = YES;
			};
			name = Release;
		};
		27185DBA203734A000E0935C /* Debug */ = {
			isa = XCBuildConfiguration;
			buildSettings = {
				ASSETCATALOG_COMPILER_APPICON_NAME = AppIcon;
				CODE_SIGN_STYLE = Automatic;
				INFOPLIST_FILE = videopickerdemo/Info.plist;
				LD_RUNPATH_SEARCH_PATHS = "$(inherited) @executable_path/Frameworks";
				PRODUCT_BUNDLE_IDENTIFIER = "-.videopickerdemo";
				PRODUCT_NAME = "$(TARGET_NAME)";
				TARGETED_DEVICE_FAMILY = "1,2";
			};
			name = Debug;
		};
		27185DBB203734A000E0935C /* Release */ = {
			isa = XCBuildConfiguration;
			buildSettings = {
				ASSETCATALOG_COMPILER_APPICON_NAME = AppIcon;
				CODE_SIGN_STYLE = Automatic;
				INFOPLIST_FILE = videopickerdemo/Info.plist;
				LD_RUNPATH_SEARCH_PATHS = "$(inherited) @executable_path/Frameworks";
				PRODUCT_BUNDLE_IDENTIFIER = "-.videopickerdemo";
				PRODUCT_NAME = "$(TARGET_NAME)";
				TARGETED_DEVICE_FAMILY = "1,2";
			};
			name = Release;
		};
		27185DBD203734A000E0935C /* Debug */ = {
			isa = XCBuildConfiguration;
			buildSettings = {
				BUNDLE_LOADER = "$(TEST_HOST)";
				CODE_SIGN_STYLE = Automatic;
				INFOPLIST_FILE = videopickerdemoTests/Info.plist;
				LD_RUNPATH_SEARCH_PATHS = "$(inherited) @executable_path/Frameworks @loader_path/Frameworks";
				PRODUCT_BUNDLE_IDENTIFIER = "-.videopickerdemoTests";
				PRODUCT_NAME = "$(TARGET_NAME)";
				TARGETED_DEVICE_FAMILY = "1,2";
				TEST_HOST = "$(BUILT_PRODUCTS_DIR)/videopickerdemo.app/videopickerdemo";
			};
			name = Debug;
		};
		27185DBE203734A000E0935C /* Release */ = {
			isa = XCBuildConfiguration;
			buildSettings = {
				BUNDLE_LOADER = "$(TEST_HOST)";
				CODE_SIGN_STYLE = Automatic;
				INFOPLIST_FILE = videopickerdemoTests/Info.plist;
				LD_RUNPATH_SEARCH_PATHS = "$(inherited) @executable_path/Frameworks @loader_path/Frameworks";
				PRODUCT_BUNDLE_IDENTIFIER = "-.videopickerdemoTests";
				PRODUCT_NAME = "$(TARGET_NAME)";
				TARGETED_DEVICE_FAMILY = "1,2";
				TEST_HOST = "$(BUILT_PRODUCTS_DIR)/videopickerdemo.app/videopickerdemo";
			};
			name = Release;
		};
		27185DC0203734A000E0935C /* Debug */ = {
			isa = XCBuildConfiguration;
			buildSettings = {
				CODE_SIGN_STYLE = Automatic;
				INFOPLIST_FILE = videopickerdemoUITests/Info.plist;
				LD_RUNPATH_SEARCH_PATHS = "$(inherited) @executable_path/Frameworks @loader_path/Frameworks";
				PRODUCT_BUNDLE_IDENTIFIER = "-.videopickerdemoUITests";
				PRODUCT_NAME = "$(TARGET_NAME)";
				TARGETED_DEVICE_FAMILY = "1,2";
				TEST_TARGET_NAME = videopickerdemo;
			};
			name = Debug;
		};
		27185DC1203734A000E0935C /* Release */ = {
			isa = XCBuildConfiguration;
			buildSettings = {
				CODE_SIGN_STYLE = Automatic;
				INFOPLIST_FILE = videopickerdemoUITests/Info.plist;
				LD_RUNPATH_SEARCH_PATHS = "$(inherited) @executable_path/Frameworks @loader_path/Frameworks";
				PRODUCT_BUNDLE_IDENTIFIER = "-.videopickerdemoUITests";
				PRODUCT_NAME = "$(TARGET_NAME)";
				TARGETED_DEVICE_FAMILY = "1,2";
				TEST_TARGET_NAME = videopickerdemo;
			};
			name = Release;
		};
/* End XCBuildConfiguration section */

/* Begin XCConfigurationList section */
		27185D882037349F00E0935C /* Build configuration list for PBXProject "videopickerdemo" */ = {
			isa = XCConfigurationList;
			buildConfigurations = (
				27185DB7203734A000E0935C /* Debug */,
				27185DB8203734A000E0935C /* Release */,
			);
			defaultConfigurationIsVisible = 0;
			defaultConfigurationName = Release;
		};
		27185DB9203734A000E0935C /* Build configuration list for PBXNativeTarget "videopickerdemo" */ = {
			isa = XCConfigurationList;
			buildConfigurations = (
				27185DBA203734A000E0935C /* Debug */,
				27185DBB203734A000E0935C /* Release */,
			);
			defaultConfigurationIsVisible = 0;
			defaultConfigurationName = Release;
		};
		27185DBC203734A000E0935C /* Build configuration list for PBXNativeTarget "videopickerdemoTests" */ = {
			isa = XCConfigurationList;
			buildConfigurations = (
				27185DBD203734A000E0935C /* Debug */,
				27185DBE203734A000E0935C /* Release */,
			);
			defaultConfigurationIsVisible = 0;
			defaultConfigurationName = Release;
		};
		27185DBF203734A000E0935C /* Build configuration list for PBXNativeTarget "videopickerdemoUITests" */ = {
			isa = XCConfigurationList;
			buildConfigurations = (
				27185DC0203734A000E0935C /* Debug */,
				27185DC1203734A000E0935C /* Release */,
			);
			defaultConfigurationIsVisible = 0;
			defaultConfigurationName = Release;
		};
/* End XCConfigurationList section */
	};
	rootObject = 27185D852037349F00E0935C /* Project object */;
}
